
Microsoft Visual Studio Solution File, Format Version 12.00
# Visual Studio 15
Project("{FAE04EC0-301F-11D3-BF4B-00C04F79EFBC}") = "Assembly-CSharp", "Assembly-CSharp.csproj", "{0982BC0E-718E-2E50-F7F1-462E80D10F8B}"
EndProject
Global
	GlobalSection(SolutionConfigurationPlatforms) = preSolution
		Debug|Any CPU = Debug|Any CPU
		Release|Any CPU = Release|Any CPU
	EndGlobalSection
	GlobalSection(ProjectConfigurationPlatforms) = postSolution
		{0982BC0E-718E-2E50-F7F1-462E80D10F8B}.Debug|Any CPU.ActiveCfg = Debug|Any CPU
		{0982BC0E-718E-2E50-F7F1-462E80D10F8B}.Debug|Any CPU.Build.0 = Debug|Any CPU
		{0982BC0E-718E-2E50-F7F1-462E80D10F8B}.Release|Any CPU.ActiveCfg = Release|Any CPU
		{0982BC0E-718E-2E50-F7F1-462E80D10F8B}.Release|Any CPU.Build.0 = Release|Any CPU
	EndGlobalSection
	GlobalSection(SolutionProperties) = preSolution
		HideSolutionNode = FALSE
	EndGlobalSection
EndGlobal
